
Microsoft Visual Studio Solution File, Format Version 12.00
# Visual Studio Version 16
VisualStudioVersion = 16.0.30907.101
MinimumVisualStudioVersion = 10.0.40219.1
Project("{FAE04EC0-301F-11D3-BF4B-00C04F79EFBC}") = "COMP3304-Assessment-01", "COMP3304-Assessment-01\COMP3304-Assessment-01.csproj", "{47645C8B-53F1-4A08-BA01-1B65B99C092B}"
EndProject
Global
	GlobalSection(SolutionConfigurationPlatforms) = preSolution
		Debug|Any CPU = Debug|Any CPU
		Release|Any CPU = Release|Any CPU
	EndGlobalSection
	GlobalSection(ProjectConfigurationPlatforms) = postSolution
		{47645C8B-53F1-4A08-BA01-1B65B99C092B}.Debug|Any CPU.ActiveCfg = Debug|Any CPU
		{47645C8B-53F1-4A08-BA01-1B65B99C092B}.Debug|Any CPU.Build.0 = Debug|Any CPU
		{47645C8B-53F1-4A08-BA01-1B65B99C092B}.Release|Any CPU.ActiveCfg = Release|Any CPU
		{47645C8B-53F1-4A08-BA01-1B65B99C092B}.Release|Any CPU.Build.0 = Release|Any CPU
	EndGlobalSection
	GlobalSection(SolutionProperties) = preSolution
		HideSolutionNode = FALSE
	EndGlobalSection
	GlobalSection(ExtensibilityGlobals) = postSolution
		SolutionGuid = {B34A6E5C-72B9-44BA-828E-5923F36EDC4F}
	EndGlobalSection
EndGlobal
